{
  "object": {
    "pins": [
      {
        "package": "Naqqash",
        "repositoryURL": "https://github.com/zeerakahmed/naqqash",
        "state": {
          "branch": null,
          "revision": "fbdf45590836ea1f78e322534e08c4a55fa98cde",
          "version": "0.1.14"
        }
      }
    ]
  },
  "version": 1
}
